
Microsoft Visual Studio Solution File, Format Version 12.00
# Visual Studio Version 17
VisualStudioVersion = 17.6.33829.357
MinimumVisualStudioVersion = 10.0.40219.1
Project("{FAE04EC0-301F-11D3-BF4B-00C04F79EFBC}") = "Arvore_Binaria_Simples", "Arvore_Binaria_Simples.csproj", "{4A7BD778-2DAC-44D0-A119-332DF191E425}"
EndProject
Global
	GlobalSection(SolutionConfigurationPlatforms) = preSolution
		Debug|Any CPU = Debug|Any CPU
		Release|Any CPU = Release|Any CPU
	EndGlobalSection
	GlobalSection(ProjectConfigurationPlatforms) = postSolution
		{4A7BD778-2DAC-44D0-A119-332DF191E425}.Debug|Any CPU.ActiveCfg = Debug|Any CPU
		{4A7BD778-2DAC-44D0-A119-332DF191E425}.Debug|Any CPU.Build.0 = Debug|Any CPU
		{4A7BD778-2DAC-44D0-A119-332DF191E425}.Release|Any CPU.ActiveCfg = Release|Any CPU
		{4A7BD778-2DAC-44D0-A119-332DF191E425}.Release|Any CPU.Build.0 = Release|Any CPU
	EndGlobalSection
	GlobalSection(SolutionProperties) = preSolution
		HideSolutionNode = FALSE
	EndGlobalSection
	GlobalSection(ExtensibilityGlobals) = postSolution
		SolutionGuid = {C6949BDE-530F-4578-A145-EECBB448000E}
	EndGlobalSection
EndGlobal
